
Microsoft Visual Studio Solution File, Format Version 11.00
# Visual Studio 2010
Project("{FAE04EC0-301F-11D3-BF4B-00C04F79EFBC}") = "Zeta Zone - Google Contest", "Assembly-CSharp-firstpass.csproj", "{6FA21602-208B-00D0-12D9-D19B281D06C2}"
EndProject
Project("{FAE04EC0-301F-11D3-BF4B-00C04F79EFBC}") = "Zeta Zone - Google Contest", "Assembly-CSharp.csproj", "{5F145743-476A-0CAF-FA92-73B3C8785518}"
EndProject
Project("{FAE04EC0-301F-11D3-BF4B-00C04F79EFBC}") = "Zeta Zone - Google Contest", "Assembly-CSharp-Editor-firstpass.csproj", "{259BFBE8-C2E7-B594-6934-6D19C7B40C3E}"
EndProject
Global
	GlobalSection(SolutionConfigurationPlatforms) = preSolution
		Debug|Any CPU = Debug|Any CPU
		Release|Any CPU = Release|Any CPU
	EndGlobalSection
	GlobalSection(ProjectConfigurationPlatforms) = postSolution
		{6FA21602-208B-00D0-12D9-D19B281D06C2}.Debug|Any CPU.ActiveCfg = Debug|Any CPU
		{6FA21602-208B-00D0-12D9-D19B281D06C2}.Debug|Any CPU.Build.0 = Debug|Any CPU
		{6FA21602-208B-00D0-12D9-D19B281D06C2}.Release|Any CPU.ActiveCfg = Release|Any CPU
		{6FA21602-208B-00D0-12D9-D19B281D06C2}.Release|Any CPU.Build.0 = Release|Any CPU
		{5F145743-476A-0CAF-FA92-73B3C8785518}.Debug|Any CPU.ActiveCfg = Debug|Any CPU
		{5F145743-476A-0CAF-FA92-73B3C8785518}.Debug|Any CPU.Build.0 = Debug|Any CPU
		{5F145743-476A-0CAF-FA92-73B3C8785518}.Release|Any CPU.ActiveCfg = Release|Any CPU
		{5F145743-476A-0CAF-FA92-73B3C8785518}.Release|Any CPU.Build.0 = Release|Any CPU
		{259BFBE8-C2E7-B594-6934-6D19C7B40C3E}.Debug|Any CPU.ActiveCfg = Debug|Any CPU
		{259BFBE8-C2E7-B594-6934-6D19C7B40C3E}.Debug|Any CPU.Build.0 = Debug|Any CPU
		{259BFBE8-C2E7-B594-6934-6D19C7B40C3E}.Release|Any CPU.ActiveCfg = Release|Any CPU
		{259BFBE8-C2E7-B594-6934-6D19C7B40C3E}.Release|Any CPU.Build.0 = Release|Any CPU
	EndGlobalSection
	GlobalSection(SolutionProperties) = preSolution
		HideSolutionNode = FALSE
	EndGlobalSection
	GlobalSection(MonoDevelopProperties) = preSolution
		StartupItem = Assembly-CSharp.csproj
	EndGlobalSection
EndGlobal
