
Microsoft Visual Studio Solution File, Format Version 11.00
# Visual Studio 2010
Project("{FAE04EC0-301F-11D3-BF4B-00C04F79EFBC}") = "Last Life", "Assembly-CSharp.csproj", "{FAF79650-D976-BE42-9863-01E7231DEEA8}"
EndProject
Project("{FAE04EC0-301F-11D3-BF4B-00C04F79EFBC}") = "Last Life", "Assembly-CSharp-Editor.csproj", "{F376B96D-633C-203B-E6EA-7AE9DF0A7DC7}"
EndProject
Global
	GlobalSection(SolutionConfigurationPlatforms) = preSolution
		Debug|Any CPU = Debug|Any CPU
		Release|Any CPU = Release|Any CPU
	EndGlobalSection
	GlobalSection(ProjectConfigurationPlatforms) = postSolution
		{FAF79650-D976-BE42-9863-01E7231DEEA8}.Debug|Any CPU.ActiveCfg = Debug|Any CPU
		{FAF79650-D976-BE42-9863-01E7231DEEA8}.Debug|Any CPU.Build.0 = Debug|Any CPU
		{FAF79650-D976-BE42-9863-01E7231DEEA8}.Release|Any CPU.ActiveCfg = Release|Any CPU
		{FAF79650-D976-BE42-9863-01E7231DEEA8}.Release|Any CPU.Build.0 = Release|Any CPU
		{F376B96D-633C-203B-E6EA-7AE9DF0A7DC7}.Debug|Any CPU.ActiveCfg = Debug|Any CPU
		{F376B96D-633C-203B-E6EA-7AE9DF0A7DC7}.Debug|Any CPU.Build.0 = Debug|Any CPU
		{F376B96D-633C-203B-E6EA-7AE9DF0A7DC7}.Release|Any CPU.ActiveCfg = Release|Any CPU
		{F376B96D-633C-203B-E6EA-7AE9DF0A7DC7}.Release|Any CPU.Build.0 = Release|Any CPU
	EndGlobalSection
	GlobalSection(SolutionProperties) = preSolution
		HideSolutionNode = FALSE
	EndGlobalSection
	GlobalSection(MonoDevelopProperties) = preSolution
		StartupItem = Assembly-CSharp.csproj
	EndGlobalSection
EndGlobal
